// !$*UTF8*$!
{
	archiveVersion = 1;
	classes = {
	};
	objectVersion = 46;
	objects = {

/* Begin PBXBuildFile section */
		28083BAD1804ED090003FF3D /* PiCourseViewController.m in Sources */ = {isa = PBXBuildFile; fileRef = 28083BAB1804ED090003FF3D /* PiCourseViewController.m */; };
		28083BAE1804ED090003FF3D /* PiCourseViewController.xib in Resources */ = {isa = PBXBuildFile; fileRef = 28083BAC1804ED090003FF3D /* PiCourseViewController.xib */; };
		28083BB2180508170003FF3D /* PiSettingViewController.m in Sources */ = {isa = PBXBuildFile; fileRef = 28083BB0180508170003FF3D /* PiSettingViewController.m */; };
		28083BB3180508170003FF3D /* PiSettingViewController.xib in Resources */ = {isa = PBXBuildFile; fileRef = 28083BB1180508170003FF3D /* PiSettingViewController.xib */; };
		28083BB7180508250003FF3D /* PiFeedbackViewController.m in Sources */ = {isa = PBXBuildFile; fileRef = 28083BB5180508250003FF3D /* PiFeedbackViewController.m */; };
		28083BB8180508250003FF3D /* PiFeedbackViewController.xib in Resources */ = {isa = PBXBuildFile; fileRef = 28083BB6180508250003FF3D /* PiFeedbackViewController.xib */; };
		28083BBB18050D1F0003FF3D /* UIBarButtonItem+ProjectButton.m in Sources */ = {isa = PBXBuildFile; fileRef = 28083BBA18050D1F0003FF3D /* UIBarButtonItem+ProjectButton.m */; };
		28083BBE18052CB30003FF3D /* background@2x.jpg in Resources */ = {isa = PBXBuildFile; fileRef = 28083BBC18052CB30003FF3D /* background@2x.jpg */; };
		28083BBF18052CB30003FF3D /* ted.jpg in Resources */ = {isa = PBXBuildFile; fileRef = 28083BBD18052CB30003FF3D /* ted.jpg */; };
		28083BC118052F280003FF3D /* background.jpg in Resources */ = {isa = PBXBuildFile; fileRef = 28083BC018052F280003FF3D /* background.jpg */; };
		28083BC5180534760003FF3D /* PiTopCell.m in Sources */ = {isa = PBXBuildFile; fileRef = 28083BC4180534760003FF3D /* PiTopCell.m */; };
		28083BC71805348D0003FF3D /* PiTopCell.xib in Resources */ = {isa = PBXBuildFile; fileRef = 28083BC61805348D0003FF3D /* PiTopCell.xib */; };
		28083BCA18053CDE0003FF3D /* PiNormalCell.m in Sources */ = {isa = PBXBuildFile; fileRef = 28083BC918053CDE0003FF3D /* PiNormalCell.m */; };
		28083BCC18053CF00003FF3D /* PiNormalCell.xib in Resources */ = {isa = PBXBuildFile; fileRef = 28083BCB18053CF00003FF3D /* PiNormalCell.xib */; };
		2820A3041844E94E00C3A42C /* 品课志logo.jpg in Resources */ = {isa = PBXBuildFile; fileRef = 2820A3031844E94E00C3A42C /* 品课志logo.jpg */; };
		2820A3081845BBA100C3A42C /* PiMainViewController.m in Sources */ = {isa = PBXBuildFile; fileRef = 2820A3061845BBA100C3A42C /* PiMainViewController.m */; };
		2820A3091845BBA100C3A42C /* PiMainViewController.xib in Resources */ = {isa = PBXBuildFile; fileRef = 2820A3071845BBA100C3A42C /* PiMainViewController.xib */; };
		2820A30B1845BBCB00C3A42C /* logo.png in Resources */ = {isa = PBXBuildFile; fileRef = 2820A30A1845BBCB00C3A42C /* logo.png */; };
		2820A3121845E1DD00C3A42C /* picourse.xcdatamodeld in Sources */ = {isa = PBXBuildFile; fileRef = 2820A3101845E1DD00C3A42C /* picourse.xcdatamodeld */; };
		282640B61803F1900002519E /* Foundation.framework in Frameworks */ = {isa = PBXBuildFile; fileRef = 282640B51803F1900002519E /* Foundation.framework */; };
		282640B81803F1900002519E /* CoreGraphics.framework in Frameworks */ = {isa = PBXBuildFile; fileRef = 282640B71803F1900002519E /* CoreGraphics.framework */; };
		282640BA1803F1900002519E /* UIKit.framework in Frameworks */ = {isa = PBXBuildFile; fileRef = 282640B91803F1900002519E /* UIKit.framework */; };
		282640C01803F1900002519E /* InfoPlist.strings in Resources */ = {isa = PBXBuildFile; fileRef = 282640BE1803F1900002519E /* InfoPlist.strings */; };
		282640C21803F1900002519E /* main.m in Sources */ = {isa = PBXBuildFile; fileRef = 282640C11803F1900002519E /* main.m */; };
		282640C61803F1900002519E /* PiAppDelegate.m in Sources */ = {isa = PBXBuildFile; fileRef = 282640C51803F1900002519E /* PiAppDelegate.m */; };
		282640CE1803F1900002519E /* Images.xcassets in Resources */ = {isa = PBXBuildFile; fileRef = 282640CD1803F1900002519E /* Images.xcassets */; };
		282640D51803F1900002519E /* XCTest.framework in Frameworks */ = {isa = PBXBuildFile; fileRef = 282640D41803F1900002519E /* XCTest.framework */; };
		282640D61803F1900002519E /* Foundation.framework in Frameworks */ = {isa = PBXBuildFile; fileRef = 282640B51803F1900002519E /* Foundation.framework */; };
		282640D71803F1900002519E /* UIKit.framework in Frameworks */ = {isa = PBXBuildFile; fileRef = 282640B91803F1900002519E /* UIKit.framework */; };
		282640DF1803F1900002519E /* InfoPlist.strings in Resources */ = {isa = PBXBuildFile; fileRef = 282640DD1803F1900002519E /* InfoPlist.strings */; };
		282640E11803F1900002519E /* PicourseTests.m in Sources */ = {isa = PBXBuildFile; fileRef = 282640E01803F1900002519E /* PicourseTests.m */; };
		284F12B41806C54900FF6351 /* PiCollectionCell.m in Sources */ = {isa = PBXBuildFile; fileRef = 284F12B21806C54900FF6351 /* PiCollectionCell.m */; };
		284F12B51806C54900FF6351 /* PiCollectionCell.xib in Resources */ = {isa = PBXBuildFile; fileRef = 284F12B31806C54900FF6351 /* PiCollectionCell.xib */; };
		284F12C11806CEAA00FF6351 /* PiInfomationViewController.m in Sources */ = {isa = PBXBuildFile; fileRef = 284F12BF1806CEAA00FF6351 /* PiInfomationViewController.m */; };
		284F12C21806CEAA00FF6351 /* PiInfomationViewController.xib in Resources */ = {isa = PBXBuildFile; fileRef = 284F12C01806CEAA00FF6351 /* PiInfomationViewController.xib */; };
		284F12C61806D8DB00FF6351 /* PiInfomationDetailViewController.m in Sources */ = {isa = PBXBuildFile; fileRef = 284F12C41806D8DB00FF6351 /* PiInfomationDetailViewController.m */; };
		284F12C71806D8DB00FF6351 /* PiInfomationDetailViewController.xib in Resources */ = {isa = PBXBuildFile; fileRef = 284F12C51806D8DB00FF6351 /* PiInfomationDetailViewController.xib */; };
		284F12CB1806D8FF00FF6351 /* PiCourseDetailViewController.m in Sources */ = {isa = PBXBuildFile; fileRef = 284F12C91806D8FF00FF6351 /* PiCourseDetailViewController.m */; };
		284F12CC1806D8FF00FF6351 /* PiCourseDetailViewController.xib in Resources */ = {isa = PBXBuildFile; fileRef = 284F12CA1806D8FF00FF6351 /* PiCourseDetailViewController.xib */; };
		288E42C318212876004E5F82 /* PiBigCollectionCell.m in Sources */ = {isa = PBXBuildFile; fileRef = 288E42C218212876004E5F82 /* PiBigCollectionCell.m */; };
		288E42C518212894004E5F82 /* PiBigCollectionCell.xib in Resources */ = {isa = PBXBuildFile; fileRef = 288E42C418212894004E5F82 /* PiBigCollectionCell.xib */; };
		288E42CE182235CE004E5F82 /* PiCourseLoadMoreCell.m in Sources */ = {isa = PBXBuildFile; fileRef = 288E42CD182235CE004E5F82 /* PiCourseLoadMoreCell.m */; };
		288E42D0182235E7004E5F82 /* PiCourseLoadMoreCell.xib in Resources */ = {isa = PBXBuildFile; fileRef = 288E42CF182235E7004E5F82 /* PiCourseLoadMoreCell.xib */; };
		288E42D318223A05004E5F82 /* PiInfoLoadMoreCell.m in Sources */ = {isa = PBXBuildFile; fileRef = 288E42D218223A05004E5F82 /* PiInfoLoadMoreCell.m */; };
		288E42E118224F23004E5F82 /* RECommonFunctions.m in Sources */ = {isa = PBXBuildFile; fileRef = 288E42D618224F23004E5F82 /* RECommonFunctions.m */; };
		288E42E218224F23004E5F82 /* REFrostedContainerViewController.m in Sources */ = {isa = PBXBuildFile; fileRef = 288E42D818224F23004E5F82 /* REFrostedContainerViewController.m */; };
		288E42E318224F23004E5F82 /* REFrostedViewController.m in Sources */ = {isa = PBXBuildFile; fileRef = 288E42DA18224F23004E5F82 /* REFrostedViewController.m */; };
		288E42E418224F23004E5F82 /* UIImage+REFrostedViewController.m in Sources */ = {isa = PBXBuildFile; fileRef = 288E42DC18224F23004E5F82 /* UIImage+REFrostedViewController.m */; };
		288E42E518224F23004E5F82 /* UIView+REFrostedViewController.m in Sources */ = {isa = PBXBuildFile; fileRef = 288E42DE18224F23004E5F82 /* UIView+REFrostedViewController.m */; };
		288E42E618224F23004E5F82 /* UIViewController+REFrostedViewController.m in Sources */ = {isa = PBXBuildFile; fileRef = 288E42E018224F23004E5F82 /* UIViewController+REFrostedViewController.m */; };
		288E42EE18227A3E004E5F82 /* avatar.png in Resources */ = {isa = PBXBuildFile; fileRef = 288E42ED18227A3E004E5F82 /* avatar.png */; };
		288E42F1182286A1004E5F82 /* PiNavigationController.m in Sources */ = {isa = PBXBuildFile; fileRef = 288E42F0182286A1004E5F82 /* PiNavigationController.m */; };
		288E42F418228BAF004E5F82 /* PiMenuViewController.m in Sources */ = {isa = PBXBuildFile; fileRef = 288E42F318228BAF004E5F82 /* PiMenuViewController.m */; };
		288E4301182358EE004E5F82 /* PiCollectionHeaderCell.m in Sources */ = {isa = PBXBuildFile; fileRef = 288E4300182358EE004E5F82 /* PiCollectionHeaderCell.m */; };
		288E430318235916004E5F82 /* PiCollectionHeaderCell.xib in Resources */ = {isa = PBXBuildFile; fileRef = 288E430218235916004E5F82 /* PiCollectionHeaderCell.xib */; };
		288E430618239435004E5F82 /* KxMenu.m in Sources */ = {isa = PBXBuildFile; fileRef = 288E430518239435004E5F82 /* KxMenu.m */; };
		28BFBDB51845EB450023E6EB /* PiFavouriteViewController.m in Sources */ = {isa = PBXBuildFile; fileRef = 28BFBDB31845EB450023E6EB /* PiFavouriteViewController.m */; };
		28BFBDB71845F6550023E6EB /* PiFavouriteViewController.xib in Resources */ = {isa = PBXBuildFile; fileRef = 28BFBDB91845F6550023E6EB /* PiFavouriteViewController.xib */; };
		28BFBDBB184727560023E6EB /* CoreData.framework in Frameworks */ = {isa = PBXBuildFile; fileRef = 28BFBDBA184727560023E6EB /* CoreData.framework */; };
		28BFBDC4184769F00023E6EB /* Info.m in Sources */ = {isa = PBXBuildFile; fileRef = 28BFBDC3184769F00023E6EB /* Info.m */; };
		28BFBDC7184769FC0023E6EB /* Course.m in Sources */ = {isa = PBXBuildFile; fileRef = 28BFBDC6184769FC0023E6EB /* Course.m */; };
		28DDA0EE18042EC300D8A24F /* Activity.png in Resources */ = {isa = PBXBuildFile; fileRef = 28DDA0C618042EC300D8A24F /* Activity.png */; };
		28DDA0EF18042EC300D8A24F /* Activity@2x.png in Resources */ = {isa = PBXBuildFile; fileRef = 28DDA0C718042EC300D8A24F /* Activity@2x.png */; };
		28DDA0F018042EC300D8A24F /* SeniorCourse.png in Resources */ = {isa = PBXBuildFile; fileRef = 28DDA0C818042EC300D8A24F /* SeniorCourse.png */; };
		28DDA0F118042EC300D8A24F /* SeniorCourse@2x.png in Resources */ = {isa = PBXBuildFile; fileRef = 28DDA0C918042EC300D8A24F /* SeniorCourse@2x.png */; };
		28DDA0F218042EC300D8A24F /* Back.png in Resources */ = {isa = PBXBuildFile; fileRef = 28DDA0CA18042EC300D8A24F /* Back.png */; };
		28DDA0F318042EC300D8A24F /* Back@2x.png in Resources */ = {isa = PBXBuildFile; fileRef = 28DDA0CB18042EC300D8A24F /* Back@2x.png */; };
		28DDA0F418042EC300D8A24F /* GeneralCourse.png in Resources */ = {isa = PBXBuildFile; fileRef = 28DDA0CC18042EC300D8A24F /* GeneralCourse.png */; };
		28DDA0F518042EC300D8A24F /* GeneralCourse@2x.png in Resources */ = {isa = PBXBuildFile; fileRef = 28DDA0CD18042EC300D8A24F /* GeneralCourse@2x.png */; };
		28DDA0F618042EC300D8A24F /* Favourite.png in Resources */ = {isa = PBXBuildFile; fileRef = 28DDA0CE18042EC300D8A24F /* Favourite.png */; };
		28DDA0F718042EC300D8A24F /* Favourite2.png in Resources */ = {isa = PBXBuildFile; fileRef = 28DDA0CF18042EC300D8A24F /* Favourite2.png */; };
		28DDA0F818042EC300D8A24F /* Favourite2@2x.png in Resources */ = {isa = PBXBuildFile; fileRef = 28DDA0D018042EC300D8A24F /* Favourite2@2x.png */; };
		28DDA0F918042EC300D8A24F /* Favourite@2x.png in Resources */ = {isa = PBXBuildFile; fileRef = 28DDA0D118042EC300D8A24F /* Favourite@2x.png */; };
		28DDA0FA18042EC300D8A24F /* Feedback.png in Resources */ = {isa = PBXBuildFile; fileRef = 28DDA0D218042EC300D8A24F /* Feedback.png */; };
		28DDA0FB18042EC300D8A24F /* Feedback@2x.png in Resources */ = {isa = PBXBuildFile; fileRef = 28DDA0D318042EC300D8A24F /* Feedback@2x.png */; };
		28DDA0FC18042EC300D8A24F /* Home.png in Resources */ = {isa = PBXBuildFile; fileRef = 28DDA0D418042EC300D8A24F /* Home.png */; };
		28DDA0FD18042EC300D8A24F /* Home@2x.png in Resources */ = {isa = PBXBuildFile; fileRef = 28DDA0D518042EC300D8A24F /* Home@2x.png */; };
		28DDA0FE18042EC300D8A24F /* Infomatiom.png in Resources */ = {isa = PBXBuildFile; fileRef = 28DDA0D618042EC300D8A24F /* Infomatiom.png */; };
		28DDA0FF18042EC300D8A24F /* Infomatiom@2x.png in Resources */ = {isa = PBXBuildFile; fileRef = 28DDA0D718042EC300D8A24F /* Infomatiom@2x.png */; };
		28DDA10018042EC300D8A24F /* List.png in Resources */ = {isa = PBXBuildFile; fileRef = 28DDA0D818042EC300D8A24F /* List.png */; };
		28DDA10118042EC300D8A24F /* List@2x.png in Resources */ = {isa = PBXBuildFile; fileRef = 28DDA0D918042EC300D8A24F /* List@2x.png */; };
		28DDA10218042EC300D8A24F /* OpenCourse.png in Resources */ = {isa = PBXBuildFile; fileRef = 28DDA0DA18042EC300D8A24F /* OpenCourse.png */; };
		28DDA10318042EC300D8A24F /* OpenCourse@2x.png in Resources */ = {isa = PBXBuildFile; fileRef = 28DDA0DB18042EC300D8A24F /* OpenCourse@2x.png */; };
		28DDA10418042EC300D8A24F /* Phone.png in Resources */ = {isa = PBXBuildFile; fileRef = 28DDA0DC18042EC300D8A24F /* Phone.png */; };
		28DDA10518042EC300D8A24F /* Phone@2x.png in Resources */ = {isa = PBXBuildFile; fileRef = 28DDA0DD18042EC300D8A24F /* Phone@2x.png */; };
		28DDA10618042EC300D8A24F /* Picourse.png in Resources */ = {isa = PBXBuildFile; fileRef = 28DDA0DE18042EC300D8A24F /* Picourse.png */; };
		28DDA10718042EC300D8A24F /* Picourse@2x.png in Resources */ = {isa = PBXBuildFile; fileRef = 28DDA0DF18042EC300D8A24F /* Picourse@2x.png */; };
		28DDA10818042EC300D8A24F /* Perspective.png in Resources */ = {isa = PBXBuildFile; fileRef = 28DDA0E018042EC300D8A24F /* Perspective.png */; };
		28DDA10918042EC300D8A24F /* Perspective@2x.png in Resources */ = {isa = PBXBuildFile; fileRef = 28DDA0E118042EC300D8A24F /* Perspective@2x.png */; };
		28DDA10A18042EC300D8A24F /* Refresh.png in Resources */ = {isa = PBXBuildFile; fileRef = 28DDA0E218042EC300D8A24F /* Refresh.png */; };
		28DDA10B18042EC300D8A24F /* Refresh@2x.png in Resources */ = {isa = PBXBuildFile; fileRef = 28DDA0E318042EC300D8A24F /* Refresh@2x.png */; };
		28DDA10C18042EC300D8A24F /* SelectedCourse.png in Resources */ = {isa = PBXBuildFile; fileRef = 28DDA0E418042EC300D8A24F /* SelectedCourse.png */; };
		28DDA10D18042EC300D8A24F /* SelectedCourse@2x.png in Resources */ = {isa = PBXBuildFile; fileRef = 28DDA0E518042EC300D8A24F /* SelectedCourse@2x.png */; };
		28DDA10E18042EC300D8A24F /* Setting.png in Resources */ = {isa = PBXBuildFile; fileRef = 28DDA0E618042EC300D8A24F /* Setting.png */; };
		28DDA10F18042EC300D8A24F /* Setting@2x.png in Resources */ = {isa = PBXBuildFile; fileRef = 28DDA0E718042EC300D8A24F /* Setting@2x.png */; };
		28DDA11018042EC300D8A24F /* Share.png in Resources */ = {isa = PBXBuildFile; fileRef = 28DDA0E818042EC300D8A24F /* Share.png */; };
		28DDA11118042EC300D8A24F /* Share2.png in Resources */ = {isa = PBXBuildFile; fileRef = 28DDA0E918042EC300D8A24F /* Share2.png */; };
		28DDA11218042EC300D8A24F /* Share2@2x.png in Resources */ = {isa = PBXBuildFile; fileRef = 28DDA0EA18042EC300D8A24F /* Share2@2x.png */; };
		28DDA11318042EC300D8A24F /* Share@2x.png in Resources */ = {isa = PBXBuildFile; fileRef = 28DDA0EB18042EC300D8A24F /* Share@2x.png */; };
		28DDA11418042EC300D8A24F /* Solution.png in Resources */ = {isa = PBXBuildFile; fileRef = 28DDA0EC18042EC300D8A24F /* Solution.png */; };
		28DDA11518042EC300D8A24F /* Solution@2x.png in Resources */ = {isa = PBXBuildFile; fileRef = 28DDA0ED18042EC300D8A24F /* Solution@2x.png */; };
		A92807BC1841A30F0055968D /* PiOpenCourseViewController.m in Sources */ = {isa = PBXBuildFile; fileRef = A92807BA1841A30F0055968D /* PiOpenCourseViewController.m */; };
		A92807BF1841A3EB0055968D /* PiOpenCourseViewController.xib in Resources */ = {isa = PBXBuildFile; fileRef = A92807BE1841A3EB0055968D /* PiOpenCourseViewController.xib */; };
/* End PBXBuildFile section */

/* Begin PBXContainerItemProxy section */
		282640D81803F1900002519E /* PBXContainerItemProxy */ = {
			isa = PBXContainerItemProxy;
			containerPortal = 282640AA1803F1900002519E /* Project object */;
			proxyType = 1;
			remoteGlobalIDString = 282640B11803F1900002519E;
			remoteInfo = Picourse;
		};
/* End PBXContainerItemProxy section */

/* Begin PBXFileReference section */
		28083BAA1804ED090003FF3D /* PiCourseViewController.h */ = {isa = PBXFileReference; fileEncoding = 4; lastKnownFileType = sourcecode.c.h; path = PiCourseViewController.h; sourceTree = "<group>"; };
		28083BAB1804ED090003FF3D /* PiCourseViewController.m */ = {isa = PBXFileReference; fileEncoding = 4; lastKnownFileType = sourcecode.c.objc; path = PiCourseViewController.m; sourceTree = "<group>"; };
		28083BAC1804ED090003FF3D /* PiCourseViewController.xib */ = {isa = PBXFileReference; fileEncoding = 4; lastKnownFileType = file.xib; path = PiCourseViewController.xib; sourceTree = "<group>"; };
		28083BAF180508170003FF3D /* PiSettingViewController.h */ = {isa = PBXFileReference; fileEncoding = 4; lastKnownFileType = sourcecode.c.h; path = PiSettingViewController.h; sourceTree = "<group>"; };
		28083BB0180508170003FF3D /* PiSettingViewController.m */ = {isa = PBXFileReference; fileEncoding = 4; lastKnownFileType = sourcecode.c.objc; path = PiSettingViewController.m; sourceTree = "<group>"; };
		28083BB1180508170003FF3D /* PiSettingViewController.xib */ = {isa = PBXFileReference; fileEncoding = 4; lastKnownFileType = file.xib; path = PiSettingViewController.xib; sourceTree = "<group>"; };
		28083BB4180508250003FF3D /* PiFeedbackViewController.h */ = {isa = PBXFileReference; fileEncoding = 4; lastKnownFileType = sourcecode.c.h; path = PiFeedbackViewController.h; sourceTree = "<group>"; };
		28083BB5180508250003FF3D /* PiFeedbackViewController.m */ = {isa = PBXFileReference; fileEncoding = 4; lastKnownFileType = sourcecode.c.objc; path = PiFeedbackViewController.m; sourceTree = "<group>"; };
		28083BB6180508250003FF3D /* PiFeedbackViewController.xib */ = {isa = PBXFileReference; fileEncoding = 4; lastKnownFileType = file.xib; path = PiFeedbackViewController.xib; sourceTree = "<group>"; };
		28083BB918050D1F0003FF3D /* UIBarButtonItem+ProjectButton.h */ = {isa = PBXFileReference; fileEncoding = 4; lastKnownFileType = sourcecode.c.h; path = "UIBarButtonItem+ProjectButton.h"; sourceTree = "<group>"; };
		28083BBA18050D1F0003FF3D /* UIBarButtonItem+ProjectButton.m */ = {isa = PBXFileReference; fileEncoding = 4; lastKnownFileType = sourcecode.c.objc; path = "UIBarButtonItem+ProjectButton.m"; sourceTree = "<group>"; };
		28083BBC18052CB30003FF3D /* background@2x.jpg */ = {isa = PBXFileReference; lastKnownFileType = image.jpeg; path = "background@2x.jpg"; sourceTree = "<group>"; };
		28083BBD18052CB30003FF3D /* ted.jpg */ = {isa = PBXFileReference; lastKnownFileType = image.jpeg; path = ted.jpg; sourceTree = "<group>"; };
		28083BC018052F280003FF3D /* background.jpg */ = {isa = PBXFileReference; lastKnownFileType = image.jpeg; path = background.jpg; sourceTree = "<group>"; };
		28083BC3180534760003FF3D /* PiTopCell.h */ = {isa = PBXFileReference; fileEncoding = 4; lastKnownFileType = sourcecode.c.h; path = PiTopCell.h; sourceTree = "<group>"; };
		28083BC4180534760003FF3D /* PiTopCell.m */ = {isa = PBXFileReference; fileEncoding = 4; lastKnownFileType = sourcecode.c.objc; path = PiTopCell.m; sourceTree = "<group>"; };
		28083BC61805348D0003FF3D /* PiTopCell.xib */ = {isa = PBXFileReference; fileEncoding = 4; lastKnownFileType = file.xib; path = PiTopCell.xib; sourceTree = "<group>"; };
		28083BC818053CDE0003FF3D /* PiNormalCell.h */ = {isa = PBXFileReference; fileEncoding = 4; lastKnownFileType = sourcecode.c.h; path = PiNormalCell.h; sourceTree = "<group>"; };
		28083BC918053CDE0003FF3D /* PiNormalCell.m */ = {isa = PBXFileReference; fileEncoding = 4; lastKnownFileType = sourcecode.c.objc; path = PiNormalCell.m; sourceTree = "<group>"; };
		28083BCB18053CF00003FF3D /* PiNormalCell.xib */ = {isa = PBXFileReference; fileEncoding = 4; lastKnownFileType = file.xib; path = PiNormalCell.xib; sourceTree = "<group>"; };
		2820A3031844E94E00C3A42C /* 品课志logo.jpg */ = {isa = PBXFileReference; lastKnownFileType = image.jpeg; path = "品课志logo.jpg"; sourceTree = "<group>"; };
		2820A3051845BBA100C3A42C /* PiMainViewController.h */ = {isa = PBXFileReference; fileEncoding = 4; lastKnownFileType = sourcecode.c.h; path = PiMainViewController.h; sourceTree = "<group>"; };
		2820A3061845BBA100C3A42C /* PiMainViewController.m */ = {isa = PBXFileReference; fileEncoding = 4; lastKnownFileType = sourcecode.c.objc; path = PiMainViewController.m; sourceTree = "<group>"; };
		2820A3071845BBA100C3A42C /* PiMainViewController.xib */ = {isa = PBXFileReference; fileEncoding = 4; lastKnownFileType = file.xib; path = PiMainViewController.xib; sourceTree = "<group>"; };
		2820A30A1845BBCB00C3A42C /* logo.png */ = {isa = PBXFileReference; lastKnownFileType = image.png; path = logo.png; sourceTree = "<group>"; };
		2820A3111845E1DD00C3A42C /* picourse.xcdatamodel */ = {isa = PBXFileReference; lastKnownFileType = wrapper.xcdatamodel; path = picourse.xcdatamodel; sourceTree = "<group>"; };
		282640B21803F1900002519E /* Picourse.app */ = {isa = PBXFileReference; explicitFileType = wrapper.application; includeInIndex = 0; path = Picourse.app; sourceTree = BUILT_PRODUCTS_DIR; };
		282640B51803F1900002519E /* Foundation.framework */ = {isa = PBXFileReference; lastKnownFileType = wrapper.framework; name = Foundation.framework; path = System/Library/Frameworks/Foundation.framework; sourceTree = SDKROOT; };
		282640B71803F1900002519E /* CoreGraphics.framework */ = {isa = PBXFileReference; lastKnownFileType = wrapper.framework; name = CoreGraphics.framework; path = System/Library/Frameworks/CoreGraphics.framework; sourceTree = SDKROOT; };
		282640B91803F1900002519E /* UIKit.framework */ = {isa = PBXFileReference; lastKnownFileType = wrapper.framework; name = UIKit.framework; path = System/Library/Frameworks/UIKit.framework; sourceTree = SDKROOT; };
		282640BD1803F1900002519E /* Picourse-Info.plist */ = {isa = PBXFileReference; lastKnownFileType = text.plist.xml; path = "Picourse-Info.plist"; sourceTree = "<group>"; };
		282640BF1803F1900002519E /* en */ = {isa = PBXFileReference; lastKnownFileType = text.plist.strings; name = en; path = en.lproj/InfoPlist.strings; sourceTree = "<group>"; };
		282640C11803F1900002519E /* main.m */ = {isa = PBXFileReference; lastKnownFileType = sourcecode.c.objc; path = main.m; sourceTree = "<group>"; };
		282640C31803F1900002519E /* Picourse-Prefix.pch */ = {isa = PBXFileReference; lastKnownFileType = sourcecode.c.h; path = "Picourse-Prefix.pch"; sourceTree = "<group>"; };
		282640C41803F1900002519E /* PiAppDelegate.h */ = {isa = PBXFileReference; lastKnownFileType = sourcecode.c.h; path = PiAppDelegate.h; sourceTree = "<group>"; };
		282640C51803F1900002519E /* PiAppDelegate.m */ = {isa = PBXFileReference; lastKnownFileType = sourcecode.c.objc; path = PiAppDelegate.m; sourceTree = "<group>"; };
		282640CD1803F1900002519E /* Images.xcassets */ = {isa = PBXFileReference; lastKnownFileType = folder.assetcatalog; path = Images.xcassets; sourceTree = "<group>"; };
		282640D31803F1900002519E /* PicourseTests.xctest */ = {isa = PBXFileReference; explicitFileType = wrapper.cfbundle; includeInIndex = 0; path = PicourseTests.xctest; sourceTree = BUILT_PRODUCTS_DIR; };
		282640D41803F1900002519E /* XCTest.framework */ = {isa = PBXFileReference; lastKnownFileType = wrapper.framework; name = XCTest.framework; path = Library/Frameworks/XCTest.framework; sourceTree = DEVELOPER_DIR; };
		282640DC1803F1900002519E /* PicourseTests-Info.plist */ = {isa = PBXFileReference; lastKnownFileType = text.plist.xml; path = "PicourseTests-Info.plist"; sourceTree = "<group>"; };
		282640DE1803F1900002519E /* en */ = {isa = PBXFileReference; lastKnownFileType = text.plist.strings; name = en; path = en.lproj/InfoPlist.strings; sourceTree = "<group>"; };
		282640E01803F1900002519E /* PicourseTests.m */ = {isa = PBXFileReference; lastKnownFileType = sourcecode.c.objc; path = PicourseTests.m; sourceTree = "<group>"; };
		284F12B11806C54900FF6351 /* PiCollectionCell.h */ = {isa = PBXFileReference; fileEncoding = 4; lastKnownFileType = sourcecode.c.h; path = PiCollectionCell.h; sourceTree = "<group>"; };
		284F12B21806C54900FF6351 /* PiCollectionCell.m */ = {isa = PBXFileReference; fileEncoding = 4; lastKnownFileType = sourcecode.c.objc; path = PiCollectionCell.m; sourceTree = "<group>"; };
		284F12B31806C54900FF6351 /* PiCollectionCell.xib */ = {isa = PBXFileReference; fileEncoding = 4; lastKnownFileType = file.xib; path = PiCollectionCell.xib; sourceTree = "<group>"; };
		284F12BE1806CEAA00FF6351 /* PiInfomationViewController.h */ = {isa = PBXFileReference; fileEncoding = 4; lastKnownFileType = sourcecode.c.h; path = PiInfomationViewController.h; sourceTree = "<group>"; };
		284F12BF1806CEAA00FF6351 /* PiInfomationViewController.m */ = {isa = PBXFileReference; fileEncoding = 4; lastKnownFileType = sourcecode.c.objc; path = PiInfomationViewController.m; sourceTree = "<group>"; };
		284F12C01806CEAA00FF6351 /* PiInfomationViewController.xib */ = {isa = PBXFileReference; fileEncoding = 4; lastKnownFileType = file.xib; path = PiInfomationViewController.xib; sourceTree = "<group>"; };
		284F12C31806D8DB00FF6351 /* PiInfomationDetailViewController.h */ = {isa = PBXFileReference; fileEncoding = 4; lastKnownFileType = sourcecode.c.h; path = PiInfomationDetailViewController.h; sourceTree = "<group>"; };
		284F12C41806D8DB00FF6351 /* PiInfomationDetailViewController.m */ = {isa = PBXFileReference; fileEncoding = 4; lastKnownFileType = sourcecode.c.objc; path = PiInfomationDetailViewController.m; sourceTree = "<group>"; };
		284F12C51806D8DB00FF6351 /* PiInfomationDetailViewController.xib */ = {isa = PBXFileReference; fileEncoding = 4; lastKnownFileType = file.xib; path = PiInfomationDetailViewController.xib; sourceTree = "<group>"; };
		284F12C81806D8FF00FF6351 /* PiCourseDetailViewController.h */ = {isa = PBXFileReference; fileEncoding = 4; lastKnownFileType = sourcecode.c.h; path = PiCourseDetailViewController.h; sourceTree = "<group>"; };
		284F12C91806D8FF00FF6351 /* PiCourseDetailViewController.m */ = {isa = PBXFileReference; fileEncoding = 4; lastKnownFileType = sourcecode.c.objc; path = PiCourseDetailViewController.m; sourceTree = "<group>"; };
		284F12CA1806D8FF00FF6351 /* PiCourseDetailViewController.xib */ = {isa = PBXFileReference; fileEncoding = 4; lastKnownFileType = file.xib; path = PiCourseDetailViewController.xib; sourceTree = "<group>"; };
		288E42C118212876004E5F82 /* PiBigCollectionCell.h */ = {isa = PBXFileReference; fileEncoding = 4; lastKnownFileType = sourcecode.c.h; path = PiBigCollectionCell.h; sourceTree = "<group>"; };
		288E42C218212876004E5F82 /* PiBigCollectionCell.m */ = {isa = PBXFileReference; fileEncoding = 4; lastKnownFileType = sourcecode.c.objc; path = PiBigCollectionCell.m; sourceTree = "<group>"; };
		288E42C418212894004E5F82 /* PiBigCollectionCell.xib */ = {isa = PBXFileReference; fileEncoding = 4; lastKnownFileType = file.xib; path = PiBigCollectionCell.xib; sourceTree = "<group>"; };
		288E42CC182235CE004E5F82 /* PiCourseLoadMoreCell.h */ = {isa = PBXFileReference; fileEncoding = 4; lastKnownFileType = sourcecode.c.h; path = PiCourseLoadMoreCell.h; sourceTree = "<group>"; };
		288E42CD182235CE004E5F82 /* PiCourseLoadMoreCell.m */ = {isa = PBXFileReference; fileEncoding = 4; lastKnownFileType = sourcecode.c.objc; path = PiCourseLoadMoreCell.m; sourceTree = "<group>"; };
		288E42CF182235E7004E5F82 /* PiCourseLoadMoreCell.xib */ = {isa = PBXFileReference; fileEncoding = 4; lastKnownFileType = file.xib; path = PiCourseLoadMoreCell.xib; sourceTree = "<group>"; };
		288E42D118223A05004E5F82 /* PiInfoLoadMoreCell.h */ = {isa = PBXFileReference; fileEncoding = 4; lastKnownFileType = sourcecode.c.h; path = PiInfoLoadMoreCell.h; sourceTree = "<group>"; };
		288E42D218223A05004E5F82 /* PiInfoLoadMoreCell.m */ = {isa = PBXFileReference; fileEncoding = 4; lastKnownFileType = sourcecode.c.objc; path = PiInfoLoadMoreCell.m; sourceTree = "<group>"; };
		288E42D518224F23004E5F82 /* RECommonFunctions.h */ = {isa = PBXFileReference; fileEncoding = 4; lastKnownFileType = sourcecode.c.h; path = RECommonFunctions.h; sourceTree = "<group>"; };
		288E42D618224F23004E5F82 /* RECommonFunctions.m */ = {isa = PBXFileReference; fileEncoding = 4; lastKnownFileType = sourcecode.c.objc; path = RECommonFunctions.m; sourceTree = "<group>"; };
		288E42D718224F23004E5F82 /* REFrostedContainerViewController.h */ = {isa = PBXFileReference; fileEncoding = 4; lastKnownFileType = sourcecode.c.h; path = REFrostedContainerViewController.h; sourceTree = "<group>"; };
		288E42D818224F23004E5F82 /* REFrostedContainerViewController.m */ = {isa = PBXFileReference; fileEncoding = 4; lastKnownFileType = sourcecode.c.objc; path = REFrostedContainerViewController.m; sourceTree = "<group>"; };
		288E42D918224F23004E5F82 /* REFrostedViewController.h */ = {isa = PBXFileReference; fileEncoding = 4; lastKnownFileType = sourcecode.c.h; path = REFrostedViewController.h; sourceTree = "<group>"; };
		288E42DA18224F23004E5F82 /* REFrostedViewController.m */ = {isa = PBXFileReference; fileEncoding = 4; lastKnownFileType = sourcecode.c.objc; path = REFrostedViewController.m; sourceTree = "<group>"; };
		288E42DB18224F23004E5F82 /* UIImage+REFrostedViewController.h */ = {isa = PBXFileReference; fileEncoding = 4; lastKnownFileType = sourcecode.c.h; path = "UIImage+REFrostedViewController.h"; sourceTree = "<group>"; };
		288E42DC18224F23004E5F82 /* UIImage+REFrostedViewController.m */ = {isa = PBXFileReference; fileEncoding = 4; lastKnownFileType = sourcecode.c.objc; path = "UIImage+REFrostedViewController.m"; sourceTree = "<group>"; };
		288E42DD18224F23004E5F82 /* UIView+REFrostedViewController.h */ = {isa = PBXFileReference; fileEncoding = 4; lastKnownFileType = sourcecode.c.h; path = "UIView+REFrostedViewController.h"; sourceTree = "<group>"; };
		288E42DE18224F23004E5F82 /* UIView+REFrostedViewController.m */ = {isa = PBXFileReference; fileEncoding = 4; lastKnownFileType = sourcecode.c.objc; path = "UIView+REFrostedViewController.m"; sourceTree = "<group>"; };
		288E42DF18224F23004E5F82 /* UIViewController+REFrostedViewController.h */ = {isa = PBXFileReference; fileEncoding = 4; lastKnownFileType = sourcecode.c.h; path = "UIViewController+REFrostedViewController.h"; sourceTree = "<group>"; };
		288E42E018224F23004E5F82 /* UIViewController+REFrostedViewController.m */ = {isa = PBXFileReference; fileEncoding = 4; lastKnownFileType = sourcecode.c.objc; path = "UIViewController+REFrostedViewController.m"; sourceTree = "<group>"; };
		288E42ED18227A3E004E5F82 /* avatar.png */ = {isa = PBXFileReference; lastKnownFileType = image.png; path = avatar.png; sourceTree = "<group>"; };
		288E42EF182286A1004E5F82 /* PiNavigationController.h */ = {isa = PBXFileReference; fileEncoding = 4; lastKnownFileType = sourcecode.c.h; path = PiNavigationController.h; sourceTree = "<group>"; };
		288E42F0182286A1004E5F82 /* PiNavigationController.m */ = {isa = PBXFileReference; fileEncoding = 4; lastKnownFileType = sourcecode.c.objc; path = PiNavigationController.m; sourceTree = "<group>"; };
		288E42F218228BAF004E5F82 /* PiMenuViewController.h */ = {isa = PBXFileReference; fileEncoding = 4; lastKnownFileType = sourcecode.c.h; path = PiMenuViewController.h; sourceTree = "<group>"; };
		288E42F318228BAF004E5F82 /* PiMenuViewController.m */ = {isa = PBXFileReference; fileEncoding = 4; lastKnownFileType = sourcecode.c.objc; path = PiMenuViewController.m; sourceTree = "<group>"; };
		288E42FF182358EE004E5F82 /* PiCollectionHeaderCell.h */ = {isa = PBXFileReference; fileEncoding = 4; lastKnownFileType = sourcecode.c.h; path = PiCollectionHeaderCell.h; sourceTree = "<group>"; };
		288E4300182358EE004E5F82 /* PiCollectionHeaderCell.m */ = {isa = PBXFileReference; fileEncoding = 4; lastKnownFileType = sourcecode.c.objc; path = PiCollectionHeaderCell.m; sourceTree = "<group>"; };
		288E430218235916004E5F82 /* PiCollectionHeaderCell.xib */ = {isa = PBXFileReference; fileEncoding = 4; lastKnownFileType = file.xib; path = PiCollectionHeaderCell.xib; sourceTree = "<group>"; };
		288E430418239435004E5F82 /* KxMenu.h */ = {isa = PBXFileReference; fileEncoding = 4; lastKnownFileType = sourcecode.c.h; path = KxMenu.h; sourceTree = "<group>"; };
		288E430518239435004E5F82 /* KxMenu.m */ = {isa = PBXFileReference; fileEncoding = 4; lastKnownFileType = sourcecode.c.objc; path = KxMenu.m; sourceTree = "<group>"; };
		28BFBDB21845EB450023E6EB /* PiFavouriteViewController.h */ = {isa = PBXFileReference; fileEncoding = 4; lastKnownFileType = sourcecode.c.h; path = PiFavouriteViewController.h; sourceTree = "<group>"; };
		28BFBDB31845EB450023E6EB /* PiFavouriteViewController.m */ = {isa = PBXFileReference; fileEncoding = 4; lastKnownFileType = sourcecode.c.objc; path = PiFavouriteViewController.m; sourceTree = "<group>"; };
		28BFBDB81845F6550023E6EB /* en */ = {isa = PBXFileReference; lastKnownFileType = file.xib; name = en; path = en.lproj/PiFavouriteViewController.xib; sourceTree = "<group>"; };
		28BFBDBA184727560023E6EB /* CoreData.framework */ = {isa = PBXFileReference; lastKnownFileType = wrapper.framework; name = CoreData.framework; path = System/Library/Frameworks/CoreData.framework; sourceTree = SDKROOT; };
		28BFBDC2184769F00023E6EB /* Info.h */ = {isa = PBXFileReference; fileEncoding = 4; lastKnownFileType = sourcecode.c.h; path = Info.h; sourceTree = "<group>"; };
		28BFBDC3184769F00023E6EB /* Info.m */ = {isa = PBXFileReference; fileEncoding = 4; lastKnownFileType = sourcecode.c.objc; path = Info.m; sourceTree = "<group>"; };
		28BFBDC5184769FC0023E6EB /* Course.h */ = {isa = PBXFileReference; fileEncoding = 4; lastKnownFileType = sourcecode.c.h; path = Course.h; sourceTree = "<group>"; };
		28BFBDC6184769FC0023E6EB /* Course.m */ = {isa = PBXFileReference; fileEncoding = 4; lastKnownFileType = sourcecode.c.objc; path = Course.m; sourceTree = "<group>"; };
		28DDA0C618042EC300D8A24F /* Activity.png */ = {isa = PBXFileReference; lastKnownFileType = image.png; path = Activity.png; sourceTree = "<group>"; };
		28DDA0C718042EC300D8A24F /* Activity@2x.png */ = {isa = PBXFileReference; lastKnownFileType = image.png; path = "Activity@2x.png"; sourceTree = "<group>"; };
		28DDA0C818042EC300D8A24F /* SeniorCourse.png */ = {isa = PBXFileReference; lastKnownFileType = image.png; path = SeniorCourse.png; sourceTree = "<group>"; };
		28DDA0C918042EC300D8A24F /* SeniorCourse@2x.png */ = {isa = PBXFileReference; lastKnownFileType = image.png; path = "SeniorCourse@2x.png"; sourceTree = "<group>"; };
		28DDA0CA18042EC300D8A24F /* Back.png */ = {isa = PBXFileReference; lastKnownFileType = image.png; path = Back.png; sourceTree = "<group>"; };
		28DDA0CB18042EC300D8A24F /* Back@2x.png */ = {isa = PBXFileReference; lastKnownFileType = image.png; path = "Back@2x.png"; sourceTree = "<group>"; };
		28DDA0CC18042EC300D8A24F /* GeneralCourse.png */ = {isa = PBXFileReference; lastKnownFileType = image.png; path = GeneralCourse.png; sourceTree = "<group>"; };
		28DDA0CD18042EC300D8A24F /* GeneralCourse@2x.png */ = {isa = PBXFileReference; lastKnownFileType = image.png; path = "GeneralCourse@2x.png"; sourceTree = "<group>"; };
		28DDA0CE18042EC300D8A24F /* Favourite.png */ = {isa = PBXFileReference; lastKnownFileType = image.png; path = Favourite.png; sourceTree = "<group>"; };
		28DDA0CF18042EC300D8A24F /* Favourite2.png */ = {isa = PBXFileReference; lastKnownFileType = image.png; path = Favourite2.png; sourceTree = "<group>"; };
		28DDA0D018042EC300D8A24F /* Favourite2@2x.png */ = {isa = PBXFileReference; lastKnownFileType = image.png; path = "Favourite2@2x.png"; sourceTree = "<group>"; };
		28DDA0D118042EC300D8A24F /* Favourite@2x.png */ = {isa = PBXFileReference; lastKnownFileType = image.png; path = "Favourite@2x.png"; sourceTree = "<group>"; };
		28DDA0D218042EC300D8A24F /* Feedback.png */ = {isa = PBXFileReference; lastKnownFileType = image.png; path = Feedback.png; sourceTree = "<group>"; };
		28DDA0D318042EC300D8A24F /* Feedback@2x.png */ = {isa = PBXFileReference; lastKnownFileType = image.png; path = "Feedback@2x.png"; sourceTree = "<group>"; };
		28DDA0D418042EC300D8A24F /* Home.png */ = {isa = PBXFileReference; lastKnownFileType = image.png; path = Home.png; sourceTree = "<group>"; };
		28DDA0D518042EC300D8A24F /* Home@2x.png */ = {isa = PBXFileReference; lastKnownFileType = image.png; path = "Home@2x.png"; sourceTree = "<group>"; };
		28DDA0D618042EC300D8A24F /* Infomatiom.png */ = {isa = PBXFileReference; lastKnownFileType = image.png; path = Infomatiom.png; sourceTree = "<group>"; };
		28DDA0D718042EC300D8A24F /* Infomatiom@2x.png */ = {isa = PBXFileReference; lastKnownFileType = image.png; path = "Infomatiom@2x.png"; sourceTree = "<group>"; };
		28DDA0D818042EC300D8A24F /* List.png */ = {isa = PBXFileReference; lastKnownFileType = image.png; path = List.png; sourceTree = "<group>"; };
		28DDA0D918042EC300D8A24F /* List@2x.png */ = {isa = PBXFileReference; lastKnownFileType = image.png; path = "List@2x.png"; sourceTree = "<group>"; };
		28DDA0DA18042EC300D8A24F /* OpenCourse.png */ = {isa = PBXFileReference; lastKnownFileType = image.png; path = OpenCourse.png; sourceTree = "<group>"; };
		28DDA0DB18042EC300D8A24F /* OpenCourse@2x.png */ = {isa = PBXFileReference; lastKnownFileType = image.png; path = "OpenCourse@2x.png"; sourceTree = "<group>"; };
		28DDA0DC18042EC300D8A24F /* Phone.png */ = {isa = PBXFileReference; lastKnownFileType = image.png; path = Phone.png; sourceTree = "<group>"; };
		28DDA0DD18042EC300D8A24F /* Phone@2x.png */ = {isa = PBXFileReference; lastKnownFileType = image.png; path = "Phone@2x.png"; sourceTree = "<group>"; };
		28DDA0DE18042EC300D8A24F /* Picourse.png */ = {isa = PBXFileReference; lastKnownFileType = image.png; path = Picourse.png; sourceTree = "<group>"; };
		28DDA0DF18042EC300D8A24F /* Picourse@2x.png */ = {isa = PBXFileReference; lastKnownFileType = image.png; path = "Picourse@2x.png"; sourceTree = "<group>"; };
		28DDA0E018042EC300D8A24F /* Perspective.png */ = {isa = PBXFileReference; lastKnownFileType = image.png; path = Perspective.png; sourceTree = "<group>"; };
		28DDA0E118042EC300D8A24F /* Perspective@2x.png */ = {isa = PBXFileReference; lastKnownFileType = image.png; path = "Perspective@2x.png"; sourceTree = "<group>"; };
		28DDA0E218042EC300D8A24F /* Refresh.png */ = {isa = PBXFileReference; lastKnownFileType = image.png; path = Refresh.png; sourceTree = "<group>"; };
		28DDA0E318042EC300D8A24F /* Refresh@2x.png */ = {isa = PBXFileReference; lastKnownFileType = image.png; path = "Refresh@2x.png"; sourceTree = "<group>"; };
		28DDA0E418042EC300D8A24F /* SelectedCourse.png */ = {isa = PBXFileReference; lastKnownFileType = image.png; path = SelectedCourse.png; sourceTree = "<group>"; };
		28DDA0E518042EC300D8A24F /* SelectedCourse@2x.png */ = {isa = PBXFileReference; lastKnownFileType = image.png; path = "SelectedCourse@2x.png"; sourceTree = "<group>"; };
		28DDA0E618042EC300D8A24F /* Setting.png */ = {isa = PBXFileReference; lastKnownFileType = image.png; path = Setting.png; sourceTree = "<group>"; };
		28DDA0E718042EC300D8A24F /* Setting@2x.png */ = {isa = PBXFileReference; lastKnownFileType = image.png; path = "Setting@2x.png"; sourceTree = "<group>"; };
		28DDA0E818042EC300D8A24F /* Share.png */ = {isa = PBXFileReference; lastKnownFileType = image.png; path = Share.png; sourceTree = "<group>"; };
		28DDA0E918042EC300D8A24F /* Share2.png */ = {isa = PBXFileReference; lastKnownFileType = image.png; path = Share2.png; sourceTree = "<group>"; };
		28DDA0EA18042EC300D8A24F /* Share2@2x.png */ = {isa = PBXFileReference; lastKnownFileType = image.png; path = "Share2@2x.png"; sourceTree = "<group>"; };
		28DDA0EB18042EC300D8A24F /* Share@2x.png */ = {isa = PBXFileReference; lastKnownFileType = image.png; path = "Share@2x.png"; sourceTree = "<group>"; };
		28DDA0EC18042EC300D8A24F /* Solution.png */ = {isa = PBXFileReference; lastKnownFileType = image.png; path = Solution.png; sourceTree = "<group>"; };
		28DDA0ED18042EC300D8A24F /* Solution@2x.png */ = {isa = PBXFileReference; lastKnownFileType = image.png; path = "Solution@2x.png"; sourceTree = "<group>"; };
		A92807B91841A30F0055968D /* PiOpenCourseViewController.h */ = {isa = PBXFileReference; fileEncoding = 4; lastKnownFileType = sourcecode.c.h; path = PiOpenCourseViewController.h; sourceTree = "<group>"; };
		A92807BA1841A30F0055968D /* PiOpenCourseViewController.m */ = {isa = PBXFileReference; fileEncoding = 4; lastKnownFileType = sourcecode.c.objc; path = PiOpenCourseViewController.m; sourceTree = "<group>"; };
		A92807BE1841A3EB0055968D /* PiOpenCourseViewController.xib */ = {isa = PBXFileReference; fileEncoding = 4; lastKnownFileType = file.xib; path = PiOpenCourseViewController.xib; sourceTree = "<group>"; };
/* End PBXFileReference section */

/* Begin PBXFrameworksBuildPhase section */
		282640AF1803F1900002519E /* Frameworks */ = {
			isa = PBXFrameworksBuildPhase;
			buildActionMask = 2147483647;
			files = (
				28BFBDBB184727560023E6EB /* CoreData.framework in Frameworks */,
				282640B81803F1900002519E /* CoreGraphics.framework in Frameworks */,
				282640BA1803F1900002519E /* UIKit.framework in Frameworks */,
				282640B61803F1900002519E /* Foundation.framework in Frameworks */,
			);
			runOnlyForDeploymentPostprocessing = 0;
		};
		282640D01803F1900002519E /* Frameworks */ = {
			isa = PBXFrameworksBuildPhase;
			buildActionMask = 2147483647;
			files = (
				282640D51803F1900002519E /* XCTest.framework in Frameworks */,
				282640D71803F1900002519E /* UIKit.framework in Frameworks */,
				282640D61803F1900002519E /* Foundation.framework in Frameworks */,
			);
			runOnlyForDeploymentPostprocessing = 0;
		};
/* End PBXFrameworksBuildPhase section */

/* Begin PBXGroup section */
		28083BC21805344B0003FF3D /* Cell */ = {
			isa = PBXGroup;
			children = (
				28083BC3180534760003FF3D /* PiTopCell.h */,
				28083BC4180534760003FF3D /* PiTopCell.m */,
				28083BC61805348D0003FF3D /* PiTopCell.xib */,
				28083BC818053CDE0003FF3D /* PiNormalCell.h */,
				28083BC918053CDE0003FF3D /* PiNormalCell.m */,
				28083BCB18053CF00003FF3D /* PiNormalCell.xib */,
				288E42D118223A05004E5F82 /* PiInfoLoadMoreCell.h */,
				288E42D218223A05004E5F82 /* PiInfoLoadMoreCell.m */,
				284F12B11806C54900FF6351 /* PiCollectionCell.h */,
				284F12B21806C54900FF6351 /* PiCollectionCell.m */,
				284F12B31806C54900FF6351 /* PiCollectionCell.xib */,
				288E42C118212876004E5F82 /* PiBigCollectionCell.h */,
				288E42C218212876004E5F82 /* PiBigCollectionCell.m */,
				288E42C418212894004E5F82 /* PiBigCollectionCell.xib */,
				288E42CC182235CE004E5F82 /* PiCourseLoadMoreCell.h */,
				288E42CD182235CE004E5F82 /* PiCourseLoadMoreCell.m */,
				288E42CF182235E7004E5F82 /* PiCourseLoadMoreCell.xib */,
				288E42FF182358EE004E5F82 /* PiCollectionHeaderCell.h */,
				288E4300182358EE004E5F82 /* PiCollectionHeaderCell.m */,
				288E430218235916004E5F82 /* PiCollectionHeaderCell.xib */,
			);
			name = Cell;
			sourceTree = "<group>";
		};
		282640A91803F1900002519E = {
			isa = PBXGroup;
			children = (
				282640BB1803F1900002519E /* Picourse */,
				282640DA1803F1900002519E /* PicourseTests */,
				282640B41803F1900002519E /* Frameworks */,
				282640B31803F1900002519E /* Products */,
			);
			sourceTree = "<group>";
		};
		282640B31803F1900002519E /* Products */ = {
			isa = PBXGroup;
			children = (
				282640B21803F1900002519E /* Picourse.app */,
				282640D31803F1900002519E /* PicourseTests.xctest */,
			);
			name = Products;
			sourceTree = "<group>";
		};
		282640B41803F1900002519E /* Frameworks */ = {
			isa = PBXGroup;
			children = (
				28BFBDBA184727560023E6EB /* CoreData.framework */,
				282640B51803F1900002519E /* Foundation.framework */,
				282640B71803F1900002519E /* CoreGraphics.framework */,
				282640B91803F1900002519E /* UIKit.framework */,
				282640D41803F1900002519E /* XCTest.framework */,
			);
			name = Frameworks;
			sourceTree = "<group>";
		};
		282640BB1803F1900002519E /* Picourse */ = {
			isa = PBXGroup;
			children = (
				28083BB918050D1F0003FF3D /* UIBarButtonItem+ProjectButton.h */,
				28083BBA18050D1F0003FF3D /* UIBarButtonItem+ProjectButton.m */,
				288E43071823943A004E5F82 /* KxMenu */,
				288E42D418224F23004E5F82 /* REFrostedViewController */,
				282640C41803F1900002519E /* PiAppDelegate.h */,
				282640C51803F1900002519E /* PiAppDelegate.m */,
				288E42F218228BAF004E5F82 /* PiMenuViewController.h */,
				288E42F318228BAF004E5F82 /* PiMenuViewController.m */,
				288E42EF182286A1004E5F82 /* PiNavigationController.h */,
				288E42F0182286A1004E5F82 /* PiNavigationController.m */,
				2820A3051845BBA100C3A42C /* PiMainViewController.h */,
				2820A3061845BBA100C3A42C /* PiMainViewController.m */,
				2820A3071845BBA100C3A42C /* PiMainViewController.xib */,
				28BFBDAE1845E6CA0023E6EB /* Core Data */,
				28FF4CFD181AB37A00FBE5E0 /* Infomation */,
				28FF4CFC181AB36600FBE5E0 /* Course */,
				28FF4CFB181AB34700FBE5E0 /* Setting */,
				28083BC21805344B0003FF3D /* Cell */,
				28DDA0C518042EC300D8A24F /* pic */,
				282640BC1803F1900002519E /* Supporting Files */,
				282640CD1803F1900002519E /* Images.xcassets */,
			);
			path = Picourse;
			sourceTree = "<group>";
		};
		282640BC1803F1900002519E /* Supporting Files */ = {
			isa = PBXGroup;
			children = (
				282640BD1803F1900002519E /* Picourse-Info.plist */,
				282640BE1803F1900002519E /* InfoPlist.strings */,
				282640C11803F1900002519E /* main.m */,
				282640C31803F1900002519E /* Picourse-Prefix.pch */,
			);
			name = "Supporting Files";
			sourceTree = "<group>";
		};
		282640DA1803F1900002519E /* PicourseTests */ = {
			isa = PBXGroup;
			children = (
				282640E01803F1900002519E /* PicourseTests.m */,
				282640DB1803F1900002519E /* Supporting Files */,
			);
			path = PicourseTests;
			sourceTree = "<group>";
		};
		282640DB1803F1900002519E /* Supporting Files */ = {
			isa = PBXGroup;
			children = (
				282640DC1803F1900002519E /* PicourseTests-Info.plist */,
				282640DD1803F1900002519E /* InfoPlist.strings */,
			);
			name = "Supporting Files";
			sourceTree = "<group>";
		};
		288E42D418224F23004E5F82 /* REFrostedViewController */ = {
			isa = PBXGroup;
			children = (
				288E42D518224F23004E5F82 /* RECommonFunctions.h */,
				288E42D618224F23004E5F82 /* RECommonFunctions.m */,
				288E42D718224F23004E5F82 /* REFrostedContainerViewController.h */,
				288E42D818224F23004E5F82 /* REFrostedContainerViewController.m */,
				288E42D918224F23004E5F82 /* REFrostedViewController.h */,
				288E42DA18224F23004E5F82 /* REFrostedViewController.m */,
				288E42DB18224F23004E5F82 /* UIImage+REFrostedViewController.h */,
				288E42DC18224F23004E5F82 /* UIImage+REFrostedViewController.m */,
				288E42DD18224F23004E5F82 /* UIView+REFrostedViewController.h */,
				288E42DE18224F23004E5F82 /* UIView+REFrostedViewController.m */,
				288E42DF18224F23004E5F82 /* UIViewController+REFrostedViewController.h */,
				288E42E018224F23004E5F82 /* UIViewController+REFrostedViewController.m */,
			);
			path = REFrostedViewController;
			sourceTree = "<group>";
		};
		288E43071823943A004E5F82 /* KxMenu */ = {
			isa = PBXGroup;
			children = (
				288E430418239435004E5F82 /* KxMenu.h */,
				288E430518239435004E5F82 /* KxMenu.m */,
			);
			name = KxMenu;
			sourceTree = "<group>";
		};
		28BFBDAE1845E6CA0023E6EB /* Core Data */ = {
			isa = PBXGroup;
			children = (
				2820A3101845E1DD00C3A42C /* picourse.xcdatamodeld */,
				28BFBDC2184769F00023E6EB /* Info.h */,
				28BFBDC3184769F00023E6EB /* Info.m */,
				28BFBDC5184769FC0023E6EB /* Course.h */,
				28BFBDC6184769FC0023E6EB /* Course.m */,
			);
			name = "Core Data";
			sourceTree = "<group>";
		};
		28DDA0C518042EC300D8A24F /* pic */ = {
			isa = PBXGroup;
			children = (
				28083BC018052F280003FF3D /* background.jpg */,
				28083BBC18052CB30003FF3D /* background@2x.jpg */,
				28083BBD18052CB30003FF3D /* ted.jpg */,
				2820A3031844E94E00C3A42C /* 品课志logo.jpg */,
				2820A30A1845BBCB00C3A42C /* logo.png */,
				288E42ED18227A3E004E5F82 /* avatar.png */,
				28DDA0C618042EC300D8A24F /* Activity.png */,
				28DDA0C718042EC300D8A24F /* Activity@2x.png */,
				28DDA0C818042EC300D8A24F /* SeniorCourse.png */,
				28DDA0C918042EC300D8A24F /* SeniorCourse@2x.png */,
				28DDA0CA18042EC300D8A24F /* Back.png */,
				28DDA0CB18042EC300D8A24F /* Back@2x.png */,
				28DDA0CC18042EC300D8A24F /* GeneralCourse.png */,
				28DDA0CD18042EC300D8A24F /* GeneralCourse@2x.png */,
				28DDA0CE18042EC300D8A24F /* Favourite.png */,
				28DDA0CF18042EC300D8A24F /* Favourite2.png */,
				28DDA0D018042EC300D8A24F /* Favourite2@2x.png */,
				28DDA0D118042EC300D8A24F /* Favourite@2x.png */,
				28DDA0D218042EC300D8A24F /* Feedback.png */,
				28DDA0D318042EC300D8A24F /* Feedback@2x.png */,
				28DDA0D418042EC300D8A24F /* Home.png */,
				28DDA0D518042EC300D8A24F /* Home@2x.png */,
				28DDA0D618042EC300D8A24F /* Infomatiom.png */,
				28DDA0D718042EC300D8A24F /* Infomatiom@2x.png */,
				28DDA0D818042EC300D8A24F /* List.png */,
				28DDA0D918042EC300D8A24F /* List@2x.png */,
				28DDA0DA18042EC300D8A24F /* OpenCourse.png */,
				28DDA0DB18042EC300D8A24F /* OpenCourse@2x.png */,
				28DDA0DC18042EC300D8A24F /* Phone.png */,
				28DDA0DD18042EC300D8A24F /* Phone@2x.png */,
				28DDA0DE18042EC300D8A24F /* Picourse.png */,
				28DDA0DF18042EC300D8A24F /* Picourse@2x.png */,
				28DDA0E018042EC300D8A24F /* Perspective.png */,
				28DDA0E118042EC300D8A24F /* Perspective@2x.png */,
				28DDA0E218042EC300D8A24F /* Refresh.png */,
				28DDA0E318042EC300D8A24F /* Refresh@2x.png */,
				28DDA0E418042EC300D8A24F /* SelectedCourse.png */,
				28DDA0E518042EC300D8A24F /* SelectedCourse@2x.png */,
				28DDA0E618042EC300D8A24F /* Setting.png */,
				28DDA0E718042EC300D8A24F /* Setting@2x.png */,
				28DDA0E818042EC300D8A24F /* Share.png */,
				28DDA0E918042EC300D8A24F /* Share2.png */,
				28DDA0EA18042EC300D8A24F /* Share2@2x.png */,
				28DDA0EB18042EC300D8A24F /* Share@2x.png */,
				28DDA0EC18042EC300D8A24F /* Solution.png */,
				28DDA0ED18042EC300D8A24F /* Solution@2x.png */,
			);
			path = pic;
			sourceTree = "<group>";
		};
		28FF4CFB181AB34700FBE5E0 /* Setting */ = {
			isa = PBXGroup;
			children = (
				28083BAF180508170003FF3D /* PiSettingViewController.h */,
				28083BB0180508170003FF3D /* PiSettingViewController.m */,
				28083BB1180508170003FF3D /* PiSettingViewController.xib */,
				28083BB4180508250003FF3D /* PiFeedbackViewController.h */,
				28083BB5180508250003FF3D /* PiFeedbackViewController.m */,
				28083BB6180508250003FF3D /* PiFeedbackViewController.xib */,
				28BFBDB21845EB450023E6EB /* PiFavouriteViewController.h */,
				28BFBDB31845EB450023E6EB /* PiFavouriteViewController.m */,
				28BFBDB91845F6550023E6EB /* PiFavouriteViewController.xib */,
			);
			name = Setting;
			sourceTree = "<group>";
		};
		28FF4CFC181AB36600FBE5E0 /* Course */ = {
			isa = PBXGroup;
			children = (
				28083BAA1804ED090003FF3D /* PiCourseViewController.h */,
				28083BAB1804ED090003FF3D /* PiCourseViewController.m */,
				28083BAC1804ED090003FF3D /* PiCourseViewController.xib */,
				A92807B91841A30F0055968D /* PiOpenCourseViewController.h */,
				A92807BA1841A30F0055968D /* PiOpenCourseViewController.m */,
				A92807BE1841A3EB0055968D /* PiOpenCourseViewController.xib */,
				284F12C81806D8FF00FF6351 /* PiCourseDetailViewController.h */,
				284F12C91806D8FF00FF6351 /* PiCourseDetailViewController.m */,
				284F12CA1806D8FF00FF6351 /* PiCourseDetailViewController.xib */,
			);
			name = Course;
			sourceTree = "<group>";
		};
		28FF4CFD181AB37A00FBE5E0 /* Infomation */ = {
			isa = PBXGroup;
			children = (
				284F12BE1806CEAA00FF6351 /* PiInfomationViewController.h */,
				284F12BF1806CEAA00FF6351 /* PiInfomationViewController.m */,
				284F12C01806CEAA00FF6351 /* PiInfomationViewController.xib */,
				284F12C31806D8DB00FF6351 /* PiInfomationDetailViewController.h */,
				284F12C41806D8DB00FF6351 /* PiInfomationDetailViewController.m */,
				284F12C51806D8DB00FF6351 /* PiInfomationDetailViewController.xib */,
			);
			name = Infomation;
			sourceTree = "<group>";
		};
/* End PBXGroup section */

/* Begin PBXNativeTarget section */
		282640B11803F1900002519E /* Picourse */ = {
			isa = PBXNativeTarget;
			buildConfigurationList = 282640E41803F1900002519E /* Build configuration list for PBXNativeTarget "Picourse" */;
			buildPhases = (
				282640AE1803F1900002519E /* Sources */,
				282640AF1803F1900002519E /* Frameworks */,
				282640B01803F1900002519E /* Resources */,
			);
			buildRules = (
			);
			dependencies = (
			);
			name = Picourse;
			productName = Picourse;
			productReference = 282640B21803F1900002519E /* Picourse.app */;
			productType = "com.apple.product-type.application";
		};
		282640D21803F1900002519E /* PicourseTests */ = {
			isa = PBXNativeTarget;
			buildConfigurationList = 282640E71803F1900002519E /* Build configuration list for PBXNativeTarget "PicourseTests" */;
			buildPhases = (
				282640CF1803F1900002519E /* Sources */,
				282640D01803F1900002519E /* Frameworks */,
				282640D11803F1900002519E /* Resources */,
			);
			buildRules = (
			);
			dependencies = (
				282640D91803F1900002519E /* PBXTargetDependency */,
			);
			name = PicourseTests;
			productName = PicourseTests;
			productReference = 282640D31803F1900002519E /* PicourseTests.xctest */;
			productType = "com.apple.product-type.bundle.unit-test";
		};
/* End PBXNativeTarget section */

/* Begin PBXProject section */
		282640AA1803F1900002519E /* Project object */ = {
			isa = PBXProject;
			attributes = {
				CLASSPREFIX = Pi;
				LastUpgradeCheck = 0500;
				ORGANIZATIONNAME = "BILLY HO";
				TargetAttributes = {
					282640B11803F1900002519E = {
						DevelopmentTeam = RA5C3AK99B;
					};
					282640D21803F1900002519E = {
						TestTargetID = 282640B11803F1900002519E;
					};
				};
			};
			buildConfigurationList = 282640AD1803F1900002519E /* Build configuration list for PBXProject "Picourse" */;
			compatibilityVersion = "Xcode 3.2";
			developmentRegion = English;
			hasScannedForEncodings = 0;
			knownRegions = (
				en,
				Base,
			);
			mainGroup = 282640A91803F1900002519E;
			productRefGroup = 282640B31803F1900002519E /* Products */;
			projectDirPath = "";
			projectRoot = "";
			targets = (
				282640B11803F1900002519E /* Picourse */,
				282640D21803F1900002519E /* PicourseTests */,
			);
		};
/* End PBXProject section */

/* Begin PBXResourcesBuildPhase section */
		282640B01803F1900002519E /* Resources */ = {
			isa = PBXResourcesBuildPhase;
			buildActionMask = 2147483647;
			files = (
				A92807BF1841A3EB0055968D /* PiOpenCourseViewController.xib in Resources */,
				28DDA0FF18042EC300D8A24F /* Infomatiom@2x.png in Resources */,
				28DDA10118042EC300D8A24F /* List@2x.png in Resources */,
				284F12B51806C54900FF6351 /* PiCollectionCell.xib in Resources */,
				28DDA10B18042EC300D8A24F /* Refresh@2x.png in Resources */,
				2820A3091845BBA100C3A42C /* PiMainViewController.xib in Resources */,
				28083BCC18053CF00003FF3D /* PiNormalCell.xib in Resources */,
				288E42D0182235E7004E5F82 /* PiCourseLoadMoreCell.xib in Resources */,
				28DDA0FC18042EC300D8A24F /* Home.png in Resources */,
				28083BB8180508250003FF3D /* PiFeedbackViewController.xib in Resources */,
				28DDA0F918042EC300D8A24F /* Favourite@2x.png in Resources */,
				28DDA10C18042EC300D8A24F /* SelectedCourse.png in Resources */,
				28DDA10318042EC300D8A24F /* OpenCourse@2x.png in Resources */,
				28DDA0F018042EC300D8A24F /* SeniorCourse.png in Resources */,
				284F12C71806D8DB00FF6351 /* PiInfomationDetailViewController.xib in Resources */,
				28DDA10818042EC300D8A24F /* Perspective.png in Resources */,
				2820A30B1845BBCB00C3A42C /* logo.png in Resources */,
				28DDA0F618042EC300D8A24F /* Favourite.png in Resources */,
				28DDA0F118042EC300D8A24F /* SeniorCourse@2x.png in Resources */,
				288E430318235916004E5F82 /* PiCollectionHeaderCell.xib in Resources */,
				28DDA10D18042EC300D8A24F /* SelectedCourse@2x.png in Resources */,
				28DDA0FA18042EC300D8A24F /* Feedback.png in Resources */,
				28DDA0F718042EC300D8A24F /* Favourite2.png in Resources */,
				28DDA10418042EC300D8A24F /* Phone.png in Resources */,
				28DDA0FD18042EC300D8A24F /* Home@2x.png in Resources */,
				28083BBF18052CB30003FF3D /* ted.jpg in Resources */,
				28DDA10F18042EC300D8A24F /* Setting@2x.png in Resources */,
				28DDA11118042EC300D8A24F /* Share2.png in Resources */,
				28DDA11418042EC300D8A24F /* Solution.png in Resources */,
				28DDA10E18042EC300D8A24F /* Setting.png in Resources */,
				28DDA10A18042EC300D8A24F /* Refresh.png in Resources */,
				284F12CC1806D8FF00FF6351 /* PiCourseDetailViewController.xib in Resources */,
				28DDA0F518042EC300D8A24F /* GeneralCourse@2x.png in Resources */,
				28083BB3180508170003FF3D /* PiSettingViewController.xib in Resources */,
				28BFBDB71845F6550023E6EB /* PiFavouriteViewController.xib in Resources */,
				28DDA10718042EC300D8A24F /* Picourse@2x.png in Resources */,
				28DDA11318042EC300D8A24F /* Share@2x.png in Resources */,
				28DDA10918042EC300D8A24F /* Perspective@2x.png in Resources */,
				28083BAE1804ED090003FF3D /* PiCourseViewController.xib in Resources */,
				28DDA11218042EC300D8A24F /* Share2@2x.png in Resources */,
				28083BC118052F280003FF3D /* background.jpg in Resources */,
				28DDA10618042EC300D8A24F /* Picourse.png in Resources */,
				28DDA0FB18042EC300D8A24F /* Feedback@2x.png in Resources */,
				284F12C21806CEAA00FF6351 /* PiInfomationViewController.xib in Resources */,
				28DDA10018042EC300D8A24F /* List.png in Resources */,
				28DDA0EE18042EC300D8A24F /* Activity.png in Resources */,
				282640CE1803F1900002519E /* Images.xcassets in Resources */,
				28083BC71805348D0003FF3D /* PiTopCell.xib in Resources */,
				28DDA0FE18042EC300D8A24F /* Infomatiom.png in Resources */,
				2820A3041844E94E00C3A42C /* 品课志logo.jpg in Resources */,
				28DDA11518042EC300D8A24F /* Solution@2x.png in Resources */,
				28DDA0F218042EC300D8A24F /* Back.png in Resources */,
				28DDA10518042EC300D8A24F /* Phone@2x.png in Resources */,
				282640C01803F1900002519E /* InfoPlist.strings in Resources */,
				28DDA0F418042EC300D8A24F /* GeneralCourse.png in Resources */,
				288E42C518212894004E5F82 /* PiBigCollectionCell.xib in Resources */,
				28DDA11018042EC300D8A24F /* Share.png in Resources */,
				28DDA10218042EC300D8A24F /* OpenCourse.png in Resources */,
				28DDA0F318042EC300D8A24F /* Back@2x.png in Resources */,
				28083BBE18052CB30003FF3D /* background@2x.jpg in Resources */,
				288E42EE18227A3E004E5F82 /* avatar.png in Resources */,
				28DDA0EF18042EC300D8A24F /* Activity@2x.png in Resources */,
				28DDA0F818042EC300D8A24F /* Favourite2@2x.png in Resources */,
			);
			runOnlyForDeploymentPostprocessing = 0;
		};
		282640D11803F1900002519E /* Resources */ = {
			isa = PBXResourcesBuildPhase;
			buildActionMask = 2147483647;
			files = (
				282640DF1803F1900002519E /* InfoPlist.strings in Resources */,
			);
			runOnlyForDeploymentPostprocessing = 0;
		};
/* End PBXResourcesBuildPhase section */

/* Begin PBXSourcesBuildPhase section */
		282640AE1803F1900002519E /* Sources */ = {
			isa = PBXSourcesBuildPhase;
			buildActionMask = 2147483647;
			files = (
				28083BAD1804ED090003FF3D /* PiCourseViewController.m in Sources */,
				282640C21803F1900002519E /* main.m in Sources */,
				288E4301182358EE004E5F82 /* PiCollectionHeaderCell.m in Sources */,
				288E42E318224F23004E5F82 /* REFrostedViewController.m in Sources */,
				28083BB2180508170003FF3D /* PiSettingViewController.m in Sources */,
				A92807BC1841A30F0055968D /* PiOpenCourseViewController.m in Sources */,
				288E42F1182286A1004E5F82 /* PiNavigationController.m in Sources */,
				288E42E218224F23004E5F82 /* REFrostedContainerViewController.m in Sources */,
				288E42F418228BAF004E5F82 /* PiMenuViewController.m in Sources */,
				288E42E418224F23004E5F82 /* UIImage+REFrostedViewController.m in Sources */,
				28083BC5180534760003FF3D /* PiTopCell.m in Sources */,
				284F12B41806C54900FF6351 /* PiCollectionCell.m in Sources */,
				288E42C318212876004E5F82 /* PiBigCollectionCell.m in Sources */,
				28BFBDC4184769F00023E6EB /* Info.m in Sources */,
				284F12CB1806D8FF00FF6351 /* PiCourseDetailViewController.m in Sources */,
				284F12C11806CEAA00FF6351 /* PiInfomationViewController.m in Sources */,
				28BFBDB51845EB450023E6EB /* PiFavouriteViewController.m in Sources */,
				2820A3121845E1DD00C3A42C /* picourse.xcdatamodeld in Sources */,
				28083BB7180508250003FF3D /* PiFeedbackViewController.m in Sources */,
				2820A3081845BBA100C3A42C /* PiMainViewController.m in Sources */,
				288E42E118224F23004E5F82 /* RECommonFunctions.m in Sources */,
				284F12C61806D8DB00FF6351 /* PiInfomationDetailViewController.m in Sources */,
				288E42E618224F23004E5F82 /* UIViewController+REFrostedViewController.m in Sources */,
				282640C61803F1900002519E /* PiAppDelegate.m in Sources */,
				28BFBDC7184769FC0023E6EB /* Course.m in Sources */,
				288E42CE182235CE004E5F82 /* PiCourseLoadMoreCell.m in Sources */,
				28083BBB18050D1F0003FF3D /* UIBarButtonItem+ProjectButton.m in Sources */,
				288E42E518224F23004E5F82 /* UIView+REFrostedViewController.m in Sources */,
				28083BCA18053CDE0003FF3D /* PiNormalCell.m in Sources */,
				288E42D318223A05004E5F82 /* PiInfoLoadMoreCell.m in Sources */,
				288E430618239435004E5F82 /* KxMenu.m in Sources */,
			);
			runOnlyForDeploymentPostprocessing = 0;
		};
		282640CF1803F1900002519E /* Sources */ = {
			isa = PBXSourcesBuildPhase;
			buildActionMask = 2147483647;
			files = (
				282640E11803F1900002519E /* PicourseTests.m in Sources */,
			);
			runOnlyForDeploymentPostprocessing = 0;
		};
/* End PBXSourcesBuildPhase section */

/* Begin PBXTargetDependency section */
		282640D91803F1900002519E /* PBXTargetDependency */ = {
			isa = PBXTargetDependency;
			target = 282640B11803F1900002519E /* Picourse */;
			targetProxy = 282640D81803F1900002519E /* PBXContainerItemProxy */;
		};
/* End PBXTargetDependency section */

/* Begin PBXVariantGroup section */
		282640BE1803F1900002519E /* InfoPlist.strings */ = {
			isa = PBXVariantGroup;
			children = (
				282640BF1803F1900002519E /* en */,
			);
			name = InfoPlist.strings;
			sourceTree = "<group>";
		};
		282640DD1803F1900002519E /* InfoPlist.strings */ = {
			isa = PBXVariantGroup;
			children = (
				282640DE1803F1900002519E /* en */,
			);
			name = InfoPlist.strings;
			sourceTree = "<group>";
		};
		28BFBDB91845F6550023E6EB /* PiFavouriteViewController.xib */ = {
			isa = PBXVariantGroup;
			children = (
				28BFBDB81845F6550023E6EB /* en */,
			);
			name = PiFavouriteViewController.xib;
			sourceTree = "<group>";
		};
/* End PBXVariantGroup section */

/* Begin XCBuildConfiguration section */
		282640E21803F1900002519E /* Debug */ = {
			isa = XCBuildConfiguration;
			buildSettings = {
				ALWAYS_SEARCH_USER_PATHS = NO;
				ARCHS = "$(ARCHS_STANDARD_INCLUDING_64_BIT)";
				CLANG_CXX_LANGUAGE_STANDARD = "gnu++0x";
				CLANG_CXX_LIBRARY = "libc++";
				CLANG_ENABLE_MODULES = YES;
				CLANG_ENABLE_OBJC_ARC = YES;
				CLANG_WARN_BOOL_CONVERSION = YES;
				CLANG_WARN_CONSTANT_CONVERSION = YES;
				CLANG_WARN_DIRECT_OBJC_ISA_USAGE = YES_ERROR;
				CLANG_WARN_EMPTY_BODY = YES;
				CLANG_WARN_ENUM_CONVERSION = YES;
				CLANG_WARN_INT_CONVERSION = YES;
				CLANG_WARN_OBJC_ROOT_CLASS = YES_ERROR;
				CLANG_WARN__DUPLICATE_METHOD_MATCH = YES;
				"CODE_SIGN_IDENTITY[sdk=iphoneos*]" = "iPhone Developer";
				COPY_PHASE_STRIP = NO;
				GCC_C_LANGUAGE_STANDARD = gnu99;
				GCC_DYNAMIC_NO_PIC = NO;
				GCC_OPTIMIZATION_LEVEL = 0;
				GCC_PREPROCESSOR_DEFINITIONS = (
					"DEBUG=1",
					"$(inherited)",
				);
				GCC_SYMBOLS_PRIVATE_EXTERN = NO;
				GCC_WARN_64_TO_32_BIT_CONVERSION = YES;
				GCC_WARN_ABOUT_RETURN_TYPE = YES_ERROR;
				GCC_WARN_UNDECLARED_SELECTOR = YES;
				GCC_WARN_UNINITIALIZED_AUTOS = YES;
				GCC_WARN_UNUSED_FUNCTION = YES;
				GCC_WARN_UNUSED_VARIABLE = YES;
				IPHONEOS_DEPLOYMENT_TARGET = 7.0;
				ONLY_ACTIVE_ARCH = YES;
				SDKROOT = iphoneos;
			};
			name = Debug;
		};
		282640E31803F1900002519E /* Release */ = {
			isa = XCBuildConfiguration;
			buildSettings = {
				ALWAYS_SEARCH_USER_PATHS = NO;
				ARCHS = "$(ARCHS_STANDARD_INCLUDING_64_BIT)";
				CLANG_CXX_LANGUAGE_STANDARD = "gnu++0x";
				CLANG_CXX_LIBRARY = "libc++";
				CLANG_ENABLE_MODULES = YES;
				CLANG_ENABLE_OBJC_ARC = YES;
				CLANG_WARN_BOOL_CONVERSION = YES;
				CLANG_WARN_CONSTANT_CONVERSION = YES;
				CLANG_WARN_DIRECT_OBJC_ISA_USAGE = YES_ERROR;
				CLANG_WARN_EMPTY_BODY = YES;
				CLANG_WARN_ENUM_CONVERSION = YES;
				CLANG_WARN_INT_CONVERSION = YES;
				CLANG_WARN_OBJC_ROOT_CLASS = YES_ERROR;
				CLANG_WARN__DUPLICATE_METHOD_MATCH = YES;
				"CODE_SIGN_IDENTITY[sdk=iphoneos*]" = "iPhone Developer";
				COPY_PHASE_STRIP = YES;
				ENABLE_NS_ASSERTIONS = NO;
				GCC_C_LANGUAGE_STANDARD = gnu99;
				GCC_WARN_64_TO_32_BIT_CONVERSION = YES;
				GCC_WARN_ABOUT_RETURN_TYPE = YES_ERROR;
				GCC_WARN_UNDECLARED_SELECTOR = YES;
				GCC_WARN_UNINITIALIZED_AUTOS = YES;
				GCC_WARN_UNUSED_FUNCTION = YES;
				GCC_WARN_UNUSED_VARIABLE = YES;
				IPHONEOS_DEPLOYMENT_TARGET = 7.0;
				SDKROOT = iphoneos;
				VALIDATE_PRODUCT = YES;
			};
			name = Release;
		};
		282640E51803F1900002519E /* Debug */ = {
			isa = XCBuildConfiguration;
			buildSettings = {
				ASSETCATALOG_COMPILER_LAUNCHIMAGE_NAME = LaunchImage;
				CODE_SIGN_IDENTITY = "iPhone Developer";
				"CODE_SIGN_IDENTITY[sdk=iphoneos*]" = "iPhone Developer";
				GCC_PRECOMPILE_PREFIX_HEADER = YES;
				GCC_PREFIX_HEADER = "Picourse/Picourse-Prefix.pch";
				INFOPLIST_FILE = "Picourse/Picourse-Info.plist";
				PRODUCT_NAME = "$(TARGET_NAME)";
				PROVISIONING_PROFILE = "";
				WRAPPER_EXTENSION = app;
			};
			name = Debug;
		};
		282640E61803F1900002519E /* Release */ = {
			isa = XCBuildConfiguration;
			buildSettings = {
				ASSETCATALOG_COMPILER_LAUNCHIMAGE_NAME = LaunchImage;
				CODE_SIGN_IDENTITY = "iPhone Developer";
				"CODE_SIGN_IDENTITY[sdk=iphoneos*]" = "iPhone Developer";
				GCC_PRECOMPILE_PREFIX_HEADER = YES;
				GCC_PREFIX_HEADER = "Picourse/Picourse-Prefix.pch";
				INFOPLIST_FILE = "Picourse/Picourse-Info.plist";
				PRODUCT_NAME = "$(TARGET_NAME)";
				PROVISIONING_PROFILE = "";
				WRAPPER_EXTENSION = app;
			};
			name = Release;
		};
		282640E81803F1900002519E /* Debug */ = {
			isa = XCBuildConfiguration;
			buildSettings = {
				ARCHS = "$(ARCHS_STANDARD_INCLUDING_64_BIT)";
				BUNDLE_LOADER = "$(BUILT_PRODUCTS_DIR)/Picourse.app/Picourse";
				FRAMEWORK_SEARCH_PATHS = (
					"$(SDKROOT)/Developer/Library/Frameworks",
					"$(inherited)",
					"$(DEVELOPER_FRAMEWORKS_DIR)",
				);
				GCC_PRECOMPILE_PREFIX_HEADER = YES;
				GCC_PREFIX_HEADER = "Picourse/Picourse-Prefix.pch";
				GCC_PREPROCESSOR_DEFINITIONS = (
					"DEBUG=1",
					"$(inherited)",
				);
				INFOPLIST_FILE = "PicourseTests/PicourseTests-Info.plist";
				PRODUCT_NAME = "$(TARGET_NAME)";
				TEST_HOST = "$(BUNDLE_LOADER)";
				WRAPPER_EXTENSION = xctest;
			};
			name = Debug;
		};
		282640E91803F1900002519E /* Release */ = {
			isa = XCBuildConfiguration;
			buildSettings = {
				ARCHS = "$(ARCHS_STANDARD_INCLUDING_64_BIT)";
				BUNDLE_LOADER = "$(BUILT_PRODUCTS_DIR)/Picourse.app/Picourse";
				FRAMEWORK_SEARCH_PATHS = (
					"$(SDKROOT)/Developer/Library/Frameworks",
					"$(inherited)",
					"$(DEVELOPER_FRAMEWORKS_DIR)",
				);
				GCC_PRECOMPILE_PREFIX_HEADER = YES;
				GCC_PREFIX_HEADER = "Picourse/Picourse-Prefix.pch";
				INFOPLIST_FILE = "PicourseTests/PicourseTests-Info.plist";
				PRODUCT_NAME = "$(TARGET_NAME)";
				TEST_HOST = "$(BUNDLE_LOADER)";
				WRAPPER_EXTENSION = xctest;
			};
			name = Release;
		};
/* End XCBuildConfiguration section */

/* Begin XCConfigurationList section */
		282640AD1803F1900002519E /* Build configuration list for PBXProject "Picourse" */ = {
			isa = XCConfigurationList;
			buildConfigurations = (
				282640E21803F1900002519E /* Debug */,
				282640E31803F1900002519E /* Release */,
			);
			defaultConfigurationIsVisible = 0;
			defaultConfigurationName = Release;
		};
		282640E41803F1900002519E /* Build configuration list for PBXNativeTarget "Picourse" */ = {
			isa = XCConfigurationList;
			buildConfigurations = (
				282640E51803F1900002519E /* Debug */,
				282640E61803F1900002519E /* Release */,
			);
			defaultConfigurationIsVisible = 0;
			defaultConfigurationName = Release;
		};
		282640E71803F1900002519E /* Build configuration list for PBXNativeTarget "PicourseTests" */ = {
			isa = XCConfigurationList;
			buildConfigurations = (
				282640E81803F1900002519E /* Debug */,
				282640E91803F1900002519E /* Release */,
			);
			defaultConfigurationIsVisible = 0;
			defaultConfigurationName = Release;
		};
/* End XCConfigurationList section */

/* Begin XCVersionGroup section */
		2820A3101845E1DD00C3A42C /* picourse.xcdatamodeld */ = {
			isa = XCVersionGroup;
			children = (
				2820A3111845E1DD00C3A42C /* picourse.xcdatamodel */,
			);
			currentVersion = 2820A3111845E1DD00C3A42C /* picourse.xcdatamodel */;
			path = picourse.xcdatamodeld;
			sourceTree = "<group>";
			versionGroupType = wrapper.xcdatamodel;
		};
/* End XCVersionGroup section */
	};
	rootObject = 282640AA1803F1900002519E /* Project object */;
}
